
Microsoft Visual Studio Solution File, Format Version 12.00
# Visual Studio Version 16
VisualStudioVersion = 16.0.30907.101
MinimumVisualStudioVersion = 10.0.40219.1
Project("{9A19103F-16F7-4668-BE54-9A1E7A4F7556}") = "TrackerLibrary", "tournament_tracker_revised\TrackerLibrary.csproj", "{2CC928A7-64AF-4FC3-A864-ADCFD8193A40}"
EndProject
Project("{9A19103F-16F7-4668-BE54-9A1E7A4F7556}") = "TrackerUI", "TrackerUI\TrackerUI.csproj", "{70C8B731-96C2-4462-9B51-EFECC822322D}"
	ProjectSection(ProjectDependencies) = postProject
		{2CC928A7-64AF-4FC3-A864-ADCFD8193A40} = {2CC928A7-64AF-4FC3-A864-ADCFD8193A40}
	EndProjectSection
EndProject
Global
	GlobalSection(SolutionConfigurationPlatforms) = preSolution
		Debug|Any CPU = Debug|Any CPU
		Release|Any CPU = Release|Any CPU
	EndGlobalSection
	GlobalSection(ProjectConfigurationPlatforms) = postSolution
		{2CC928A7-64AF-4FC3-A864-ADCFD8193A40}.Debug|Any CPU.ActiveCfg = Debug|Any CPU
		{2CC928A7-64AF-4FC3-A864-ADCFD8193A40}.Debug|Any CPU.Build.0 = Debug|Any CPU
		{2CC928A7-64AF-4FC3-A864-ADCFD8193A40}.Release|Any CPU.ActiveCfg = Release|Any CPU
		{2CC928A7-64AF-4FC3-A864-ADCFD8193A40}.Release|Any CPU.Build.0 = Release|Any CPU
		{70C8B731-96C2-4462-9B51-EFECC822322D}.Debug|Any CPU.ActiveCfg = Debug|Any CPU
		{70C8B731-96C2-4462-9B51-EFECC822322D}.Debug|Any CPU.Build.0 = Debug|Any CPU
		{70C8B731-96C2-4462-9B51-EFECC822322D}.Release|Any CPU.ActiveCfg = Release|Any CPU
		{70C8B731-96C2-4462-9B51-EFECC822322D}.Release|Any CPU.Build.0 = Release|Any CPU
	EndGlobalSection
	GlobalSection(SolutionProperties) = preSolution
		HideSolutionNode = FALSE
	EndGlobalSection
	GlobalSection(ExtensibilityGlobals) = postSolution
		SolutionGuid = {5E5862D1-31A7-4F47-8037-727E07E6DBD2}
	EndGlobalSection
EndGlobal
